
Microsoft Visual Studio Solution File, Format Version 12.00
# Visual Studio Version 17
VisualStudioVersion = 17.4.33205.214
MinimumVisualStudioVersion = 10.0.40219.1
Project("{9A19103F-16F7-4668-BE54-9A1E7A4F7556}") = "AVH.Factory", "src\AVH.Factory\AVH.Factory.csproj", "{4CBC332C-9143-47DC-9605-E5F76C76D6DD}"
EndProject
Global
	GlobalSection(SolutionConfigurationPlatforms) = preSolution
		Debug|Any CPU = Debug|Any CPU
		Release|Any CPU = Release|Any CPU
	EndGlobalSection
	GlobalSection(ProjectConfigurationPlatforms) = postSolution
		{4CBC332C-9143-47DC-9605-E5F76C76D6DD}.Debug|Any CPU.ActiveCfg = Debug|Any CPU
		{4CBC332C-9143-47DC-9605-E5F76C76D6DD}.Debug|Any CPU.Build.0 = Debug|Any CPU
		{4CBC332C-9143-47DC-9605-E5F76C76D6DD}.Release|Any CPU.ActiveCfg = Release|Any CPU
		{4CBC332C-9143-47DC-9605-E5F76C76D6DD}.Release|Any CPU.Build.0 = Release|Any CPU
	EndGlobalSection
	GlobalSection(SolutionProperties) = preSolution
		HideSolutionNode = FALSE
	EndGlobalSection
	GlobalSection(ExtensibilityGlobals) = postSolution
		SolutionGuid = {E24037BD-CA17-4673-BD0F-7ECBEA209CE0}
	EndGlobalSection
EndGlobal
